// !$*UTF8*$!
{
	archiveVersion = 1;
	classes = {
	};
	objectVersion = 52;
	objects = {

/* Begin PBXBuildFile section */
		FF5628A5258A1F7000E3D0E1 /* GameListViewController.swift in Sources */ = {isa = PBXBuildFile; fileRef = FF5628A4258A1F7000E3D0E1 /* GameListViewController.swift */; };
		FF5628A8258A239700E3D0E1 /* GameItemModel.swift in Sources */ = {isa = PBXBuildFile; fileRef = FF5628A7258A239700E3D0E1 /* GameItemModel.swift */; };
		FF5628AB258A248600E3D0E1 /* GameItemTableViewCell.swift in Sources */ = {isa = PBXBuildFile; fileRef = FF5628AA258A248600E3D0E1 /* GameItemTableViewCell.swift */; };
		FF5628AF258A2B1F00E3D0E1 /* Alamofire in Frameworks */ = {isa = PBXBuildFile; productRef = FF5628AE258A2B1F00E3D0E1 /* Alamofire */; };
		FF5628B2258A2EA700E3D0E1 /* NewGameResponse.swift in Sources */ = {isa = PBXBuildFile; fileRef = FF5628B1258A2EA700E3D0E1 /* NewGameResponse.swift */; };
		FF5628B6258A341900E3D0E1 /* Kingfisher in Frameworks */ = {isa = PBXBuildFile; productRef = FF5628B5258A341900E3D0E1 /* Kingfisher */; };
		FFAFC33B2579D2A20068D435 /* AppDelegate.swift in Sources */ = {isa = PBXBuildFile; fileRef = FFAFC33A2579D2A20068D435 /* AppDelegate.swift */; };
		FFAFC33D2579D2A20068D435 /* SceneDelegate.swift in Sources */ = {isa = PBXBuildFile; fileRef = FFAFC33C2579D2A20068D435 /* SceneDelegate.swift */; };
		FFAFC33F2579D2A20068D435 /* ViewController.swift in Sources */ = {isa = PBXBuildFile; fileRef = FFAFC33E2579D2A20068D435 /* ViewController.swift */; };
		FFAFC3422579D2A20068D435 /* Main.storyboard in Resources */ = {isa = PBXBuildFile; fileRef = FFAFC3402579D2A20068D435 /* Main.storyboard */; };
		FFAFC3442579D2A30068D435 /* Assets.xcassets in Resources */ = {isa = PBXBuildFile; fileRef = FFAFC3432579D2A30068D435 /* Assets.xcassets */; };
		FFAFC3472579D2A30068D435 /* LaunchScreen.storyboard in Resources */ = {isa = PBXBuildFile; fileRef = FFAFC3452579D2A30068D435 /* LaunchScreen.storyboard */; };
/* End PBXBuildFile section */

/* Begin PBXFileReference section */
		FF5628A4258A1F7000E3D0E1 /* GameListViewController.swift */ = {isa = PBXFileReference; lastKnownFileType = sourcecode.swift; path = GameListViewController.swift; sourceTree = "<group>"; };
		FF5628A7258A239700E3D0E1 /* GameItemModel.swift */ = {isa = PBXFileReference; lastKnownFileType = sourcecode.swift; path = GameItemModel.swift; sourceTree = "<group>"; };
		FF5628AA258A248600E3D0E1 /* GameItemTableViewCell.swift */ = {isa = PBXFileReference; lastKnownFileType = sourcecode.swift; path = GameItemTableViewCell.swift; sourceTree = "<group>"; };
		FF5628B1258A2EA700E3D0E1 /* NewGameResponse.swift */ = {isa = PBXFileReference; lastKnownFileType = sourcecode.swift; path = NewGameResponse.swift; sourceTree = "<group>"; };
		FFAFC3372579D2A20068D435 /* iOSCarePlus.app */ = {isa = PBXFileReference; explicitFileType = wrapper.application; includeInIndex = 0; path = iOSCarePlus.app; sourceTree = BUILT_PRODUCTS_DIR; };
		FFAFC33A2579D2A20068D435 /* AppDelegate.swift */ = {isa = PBXFileReference; lastKnownFileType = sourcecode.swift; path = AppDelegate.swift; sourceTree = "<group>"; };
		FFAFC33C2579D2A20068D435 /* SceneDelegate.swift */ = {isa = PBXFileReference; lastKnownFileType = sourcecode.swift; path = SceneDelegate.swift; sourceTree = "<group>"; };
		FFAFC33E2579D2A20068D435 /* ViewController.swift */ = {isa = PBXFileReference; lastKnownFileType = sourcecode.swift; path = ViewController.swift; sourceTree = "<group>"; };
		FFAFC3412579D2A20068D435 /* Base */ = {isa = PBXFileReference; lastKnownFileType = file.storyboard; name = Base; path = Base.lproj/Main.storyboard; sourceTree = "<group>"; };
		FFAFC3432579D2A30068D435 /* Assets.xcassets */ = {isa = PBXFileReference; lastKnownFileType = folder.assetcatalog; path = Assets.xcassets; sourceTree = "<group>"; };
		FFAFC3462579D2A30068D435 /* Base */ = {isa = PBXFileReference; lastKnownFileType = file.storyboard; name = Base; path = Base.lproj/LaunchScreen.storyboard; sourceTree = "<group>"; };
		FFAFC3482579D2A30068D435 /* Info.plist */ = {isa = PBXFileReference; lastKnownFileType = text.plist.xml; path = Info.plist; sourceTree = "<group>"; };
/* End PBXFileReference section */

/* Begin PBXFrameworksBuildPhase section */
		FFAFC3342579D2A20068D435 /* Frameworks */ = {
			isa = PBXFrameworksBuildPhase;
			buildActionMask = 2147483647;
			files = (
				FF5628B6258A341900E3D0E1 /* Kingfisher in Frameworks */,
				FF5628AF258A2B1F00E3D0E1 /* Alamofire in Frameworks */,
			);
			runOnlyForDeploymentPostprocessing = 0;
		};
/* End PBXFrameworksBuildPhase section */

/* Begin PBXGroup section */
		FFAFC32E2579D2A20068D435 = {
			isa = PBXGroup;
			children = (
				FFAFC3392579D2A20068D435 /* iOSCarePlus */,
				FFAFC3382579D2A20068D435 /* Products */,
			);
			sourceTree = "<group>";
		};
		FFAFC3382579D2A20068D435 /* Products */ = {
			isa = PBXGroup;
			children = (
				FFAFC3372579D2A20068D435 /* iOSCarePlus.app */,
			);
			name = Products;
			sourceTree = "<group>";
		};
		FFAFC3392579D2A20068D435 /* iOSCarePlus */ = {
			isa = PBXGroup;
			children = (
				FFAFC33A2579D2A20068D435 /* AppDelegate.swift */,
				FFAFC33C2579D2A20068D435 /* SceneDelegate.swift */,
				FFAFC33E2579D2A20068D435 /* ViewController.swift */,
				FFAFC3402579D2A20068D435 /* Main.storyboard */,
				FFAFC3432579D2A30068D435 /* Assets.xcassets */,
				FFAFC3452579D2A30068D435 /* LaunchScreen.storyboard */,
				FFAFC3482579D2A30068D435 /* Info.plist */,
				FF5628A4258A1F7000E3D0E1 /* GameListViewController.swift */,
				FF5628A7258A239700E3D0E1 /* GameItemModel.swift */,
				FF5628AA258A248600E3D0E1 /* GameItemTableViewCell.swift */,
				FF5628B1258A2EA700E3D0E1 /* NewGameResponse.swift */,
			);
			path = iOSCarePlus;
			sourceTree = "<group>";
		};
/* End PBXGroup section */

/* Begin PBXNativeTarget section */
		FFAFC3362579D2A20068D435 /* iOSCarePlus */ = {
			isa = PBXNativeTarget;
			buildConfigurationList = FFAFC34B2579D2A30068D435 /* Build configuration list for PBXNativeTarget "iOSCarePlus" */;
			buildPhases = (
				FF3161CE2580FED900B3D31E /* run swiftlint */,
				FFAFC3332579D2A20068D435 /* Sources */,
				FFAFC3342579D2A20068D435 /* Frameworks */,
				FFAFC3352579D2A20068D435 /* Resources */,
			);
			buildRules = (
			);
			dependencies = (
			);
			name = iOSCarePlus;
			packageProductDependencies = (
				FF5628AE258A2B1F00E3D0E1 /* Alamofire */,
				FF5628B5258A341900E3D0E1 /* Kingfisher */,
			);
			productName = iOSCarePlus;
			productReference = FFAFC3372579D2A20068D435 /* iOSCarePlus.app */;
			productType = "com.apple.product-type.application";
		};
/* End PBXNativeTarget section */

/* Begin PBXProject section */
		FFAFC32F2579D2A20068D435 /* Project object */ = {
			isa = PBXProject;
			attributes = {
				LastSwiftUpdateCheck = 1220;
				LastUpgradeCheck = 1220;
				TargetAttributes = {
					FFAFC3362579D2A20068D435 = {
						CreatedOnToolsVersion = 12.2;
					};
				};
			};
			buildConfigurationList = FFAFC3322579D2A20068D435 /* Build configuration list for PBXProject "iOSCarePlus" */;
			compatibilityVersion = "Xcode 9.3";
			developmentRegion = en;
			hasScannedForEncodings = 0;
			knownRegions = (
				en,
				Base,
			);
			mainGroup = FFAFC32E2579D2A20068D435;
			packageReferences = (
				FF5628AD258A2B1F00E3D0E1 /* XCRemoteSwiftPackageReference "Alamofire" */,
				FF5628B4258A341900E3D0E1 /* XCRemoteSwiftPackageReference "Kingfisher" */,
			);
			productRefGroup = FFAFC3382579D2A20068D435 /* Products */;
			projectDirPath = "";
			projectRoot = "";
			targets = (
				FFAFC3362579D2A20068D435 /* iOSCarePlus */,
			);
		};
/* End PBXProject section */

/* Begin PBXResourcesBuildPhase section */
		FFAFC3352579D2A20068D435 /* Resources */ = {
			isa = PBXResourcesBuildPhase;
			buildActionMask = 2147483647;
			files = (
				FFAFC3472579D2A30068D435 /* LaunchScreen.storyboard in Resources */,
				FFAFC3442579D2A30068D435 /* Assets.xcassets in Resources */,
				FFAFC3422579D2A20068D435 /* Main.storyboard in Resources */,
			);
			runOnlyForDeploymentPostprocessing = 0;
		};
/* End PBXResourcesBuildPhase section */

/* Begin PBXShellScriptBuildPhase section */
		FF3161CE2580FED900B3D31E /* run swiftlint */ = {
			isa = PBXShellScriptBuildPhase;
			buildActionMask = 2147483647;
			files = (
			);
			inputFileListPaths = (
			);
			inputPaths = (
			);
			name = "run swiftlint";
			outputFileListPaths = (
			);
			outputPaths = (
			);
			runOnlyForDeploymentPostprocessing = 0;
			shellPath = /bin/sh;
			shellScript = "if which swiftlint >/dev/null; then\n  swiftlint\nelse\n  echo \"warning: SwiftLint not installed, download from https://github.com/realm/SwiftLint\"\nfi\n";
		};
/* End PBXShellScriptBuildPhase section */

/* Begin PBXSourcesBuildPhase section */
		FFAFC3332579D2A20068D435 /* Sources */ = {
			isa = PBXSourcesBuildPhase;
			buildActionMask = 2147483647;
			files = (
				FF5628AB258A248600E3D0E1 /* GameItemTableViewCell.swift in Sources */,
				FF5628A5258A1F7000E3D0E1 /* GameListViewController.swift in Sources */,
				FF5628B2258A2EA700E3D0E1 /* NewGameResponse.swift in Sources */,
				FFAFC33F2579D2A20068D435 /* ViewController.swift in Sources */,
				FFAFC33B2579D2A20068D435 /* AppDelegate.swift in Sources */,
				FFAFC33D2579D2A20068D435 /* SceneDelegate.swift in Sources */,
				FF5628A8258A239700E3D0E1 /* GameItemModel.swift in Sources */,
			);
			runOnlyForDeploymentPostprocessing = 0;
		};
/* End PBXSourcesBuildPhase section */

/* Begin PBXVariantGroup section */
		FFAFC3402579D2A20068D435 /* Main.storyboard */ = {
			isa = PBXVariantGroup;
			children = (
				FFAFC3412579D2A20068D435 /* Base */,
			);
			name = Main.storyboard;
			sourceTree = "<group>";
		};
		FFAFC3452579D2A30068D435 /* LaunchScreen.storyboard */ = {
			isa = PBXVariantGroup;
			children = (
				FFAFC3462579D2A30068D435 /* Base */,
			);
			name = LaunchScreen.storyboard;
			sourceTree = "<group>";
		};
/* End PBXVariantGroup section */

/* Begin XCBuildConfiguration section */
		FFAFC3492579D2A30068D435 /* Debug */ = {
			isa = XCBuildConfiguration;
			buildSettings = {
				ALWAYS_SEARCH_USER_PATHS = NO;
				CLANG_ANALYZER_NONNULL = YES;
				CLANG_ANALYZER_NUMBER_OBJECT_CONVERSION = YES_AGGRESSIVE;
				CLANG_CXX_LANGUAGE_STANDARD = "gnu++14";
				CLANG_CXX_LIBRARY = "libc++";
				CLANG_ENABLE_MODULES = YES;
				CLANG_ENABLE_OBJC_ARC = YES;
				CLANG_ENABLE_OBJC_WEAK = YES;
				CLANG_WARN_BLOCK_CAPTURE_AUTORELEASING = YES;
				CLANG_WARN_BOOL_CONVERSION = YES;
				CLANG_WARN_COMMA = YES;
				CLANG_WARN_CONSTANT_CONVERSION = YES;
				CLANG_WARN_DEPRECATED_OBJC_IMPLEMENTATIONS = YES;
				CLANG_WARN_DIRECT_OBJC_ISA_USAGE = YES_ERROR;
				CLANG_WARN_DOCUMENTATION_COMMENTS = YES;
				CLANG_WARN_EMPTY_BODY = YES;
				CLANG_WARN_ENUM_CONVERSION = YES;
				CLANG_WARN_INFINITE_RECURSION = YES;
				CLANG_WARN_INT_CONVERSION = YES;
				CLANG_WARN_NON_LITERAL_NULL_CONVERSION = YES;
				CLANG_WARN_OBJC_IMPLICIT_RETAIN_SELF = YES;
				CLANG_WARN_OBJC_LITERAL_CONVERSION = YES;
				CLANG_WARN_OBJC_ROOT_CLASS = YES_ERROR;
				CLANG_WARN_QUOTED_INCLUDE_IN_FRAMEWORK_HEADER = YES;
				CLANG_WARN_RANGE_LOOP_ANALYSIS = YES;
				CLANG_WARN_STRICT_PROTOTYPES = YES;
				CLANG_WARN_SUSPICIOUS_MOVE = YES;
				CLANG_WARN_UNGUARDED_AVAILABILITY = YES_AGGRESSIVE;
				CLANG_WARN_UNREACHABLE_CODE = YES;
				CLANG_WARN__DUPLICATE_METHOD_MATCH = YES;
				COPY_PHASE_STRIP = NO;
				DEBUG_INFORMATION_FORMAT = dwarf;
				ENABLE_STRICT_OBJC_MSGSEND = YES;
				ENABLE_TESTABILITY = YES;
				GCC_C_LANGUAGE_STANDARD = gnu11;
				GCC_DYNAMIC_NO_PIC = NO;
				GCC_NO_COMMON_BLOCKS = YES;
				GCC_OPTIMIZATION_LEVEL = 0;
				GCC_PREPROCESSOR_DEFINITIONS = (
					"DEBUG=1",
					"$(inherited)",
				);
				GCC_WARN_64_TO_32_BIT_CONVERSION = YES;
				GCC_WARN_ABOUT_RETURN_TYPE = YES_ERROR;
				GCC_WARN_UNDECLARED_SELECTOR = YES;
				GCC_WARN_UNINITIALIZED_AUTOS = YES_AGGRESSIVE;
				GCC_WARN_UNUSED_FUNCTION = YES;
				GCC_WARN_UNUSED_VARIABLE = YES;
				IPHONEOS_DEPLOYMENT_TARGET = 14.2;
				MTL_ENABLE_DEBUG_INFO = INCLUDE_SOURCE;
				MTL_FAST_MATH = YES;
				ONLY_ACTIVE_ARCH = YES;
				SDKROOT = iphoneos;
				SWIFT_ACTIVE_COMPILATION_CONDITIONS = DEBUG;
				SWIFT_OPTIMIZATION_LEVEL = "-Onone";
			};
			name = Debug;
		};
		FFAFC34A2579D2A30068D435 /* Release */ = {
			isa = XCBuildConfiguration;
			buildSettings = {
				ALWAYS_SEARCH_USER_PATHS = NO;
				CLANG_ANALYZER_NONNULL = YES;
				CLANG_ANALYZER_NUMBER_OBJECT_CONVERSION = YES_AGGRESSIVE;
				CLANG_CXX_LANGUAGE_STANDARD = "gnu++14";
				CLANG_CXX_LIBRARY = "libc++";
				CLANG_ENABLE_MODULES = YES;
				CLANG_ENABLE_OBJC_ARC = YES;
				CLANG_ENABLE_OBJC_WEAK = YES;
				CLANG_WARN_BLOCK_CAPTURE_AUTORELEASING = YES;
				CLANG_WARN_BOOL_CONVERSION = YES;
				CLANG_WARN_COMMA = YES;
				CLANG_WARN_CONSTANT_CONVERSION = YES;
				CLANG_WARN_DEPRECATED_OBJC_IMPLEMENTATIONS = YES;
				CLANG_WARN_DIRECT_OBJC_ISA_USAGE = YES_ERROR;
				CLANG_WARN_DOCUMENTATION_COMMENTS = YES;
				CLANG_WARN_EMPTY_BODY = YES;
				CLANG_WARN_ENUM_CONVERSION = YES;
				CLANG_WARN_INFINITE_RECURSION = YES;
				CLANG_WARN_INT_CONVERSION = YES;
				CLANG_WARN_NON_LITERAL_NULL_CONVERSION = YES;
				CLANG_WARN_OBJC_IMPLICIT_RETAIN_SELF = YES;
				CLANG_WARN_OBJC_LITERAL_CONVERSION = YES;
				CLANG_WARN_OBJC_ROOT_CLASS = YES_ERROR;
				CLANG_WARN_QUOTED_INCLUDE_IN_FRAMEWORK_HEADER = YES;
				CLANG_WARN_RANGE_LOOP_ANALYSIS = YES;
				CLANG_WARN_STRICT_PROTOTYPES = YES;
				CLANG_WARN_SUSPICIOUS_MOVE = YES;
				CLANG_WARN_UNGUARDED_AVAILABILITY = YES_AGGRESSIVE;
				CLANG_WARN_UNREACHABLE_CODE = YES;
				CLANG_WARN__DUPLICATE_METHOD_MATCH = YES;
				COPY_PHASE_STRIP = NO;
				DEBUG_INFORMATION_FORMAT = "dwarf-with-dsym";
				ENABLE_NS_ASSERTIONS = NO;
				ENABLE_STRICT_OBJC_MSGSEND = YES;
				GCC_C_LANGUAGE_STANDARD = gnu11;
				GCC_NO_COMMON_BLOCKS = YES;
				GCC_WARN_64_TO_32_BIT_CONVERSION = YES;
				GCC_WARN_ABOUT_RETURN_TYPE = YES_ERROR;
				GCC_WARN_UNDECLARED_SELECTOR = YES;
				GCC_WARN_UNINITIALIZED_AUTOS = YES_AGGRESSIVE;
				GCC_WARN_UNUSED_FUNCTION = YES;
				GCC_WARN_UNUSED_VARIABLE = YES;
				IPHONEOS_DEPLOYMENT_TARGET = 14.2;
				MTL_ENABLE_DEBUG_INFO = NO;
				MTL_FAST_MATH = YES;
				SDKROOT = iphoneos;
				SWIFT_COMPILATION_MODE = wholemodule;
				SWIFT_OPTIMIZATION_LEVEL = "-O";
				VALIDATE_PRODUCT = YES;
			};
			name = Release;
		};
		FFAFC34C2579D2A30068D435 /* Debug */ = {
			isa = XCBuildConfiguration;
			buildSettings = {
				ASSETCATALOG_COMPILER_APPICON_NAME = AppIcon;
				ASSETCATALOG_COMPILER_GLOBAL_ACCENT_COLOR_NAME = AccentColor;
				CODE_SIGN_STYLE = Automatic;
				DEVELOPMENT_TEAM = AZX9TD66UC;
				INFOPLIST_FILE = iOSCarePlus/Info.plist;
				IPHONEOS_DEPLOYMENT_TARGET = 14.0;
				LD_RUNPATH_SEARCH_PATHS = (
					"$(inherited)",
					"@executable_path/Frameworks",
				);
				PRODUCT_BUNDLE_IDENTIFIER = com.yooo.iOSCarePlus;
				PRODUCT_NAME = "$(TARGET_NAME)";
				SWIFT_VERSION = 5.0;
				TARGETED_DEVICE_FAMILY = "1,2";
			};
			name = Debug;
		};
		FFAFC34D2579D2A30068D435 /* Release */ = {
			isa = XCBuildConfiguration;
			buildSettings = {
				ASSETCATALOG_COMPILER_APPICON_NAME = AppIcon;
				ASSETCATALOG_COMPILER_GLOBAL_ACCENT_COLOR_NAME = AccentColor;
				CODE_SIGN_STYLE = Automatic;
				DEVELOPMENT_TEAM = AZX9TD66UC;
				INFOPLIST_FILE = iOSCarePlus/Info.plist;
				IPHONEOS_DEPLOYMENT_TARGET = 14.0;
				LD_RUNPATH_SEARCH_PATHS = (
					"$(inherited)",
					"@executable_path/Frameworks",
				);
				PRODUCT_BUNDLE_IDENTIFIER = com.yooo.iOSCarePlus;
				PRODUCT_NAME = "$(TARGET_NAME)";
				SWIFT_VERSION = 5.0;
				TARGETED_DEVICE_FAMILY = "1,2";
			};
			name = Release;
		};
/* End XCBuildConfiguration section */

/* Begin XCConfigurationList section */
		FFAFC3322579D2A20068D435 /* Build configuration list for PBXProject "iOSCarePlus" */ = {
			isa = XCConfigurationList;
			buildConfigurations = (
				FFAFC3492579D2A30068D435 /* Debug */,
				FFAFC34A2579D2A30068D435 /* Release */,
			);
			defaultConfigurationIsVisible = 0;
			defaultConfigurationName = Release;
		};
		FFAFC34B2579D2A30068D435 /* Build configuration list for PBXNativeTarget "iOSCarePlus" */ = {
			isa = XCConfigurationList;
			buildConfigurations = (
				FFAFC34C2579D2A30068D435 /* Debug */,
				FFAFC34D2579D2A30068D435 /* Release */,
			);
			defaultConfigurationIsVisible = 0;
			defaultConfigurationName = Release;
		};
/* End XCConfigurationList section */

/* Begin XCRemoteSwiftPackageReference section */
		FF5628AD258A2B1F00E3D0E1 /* XCRemoteSwiftPackageReference "Alamofire" */ = {
			isa = XCRemoteSwiftPackageReference;
			repositoryURL = "https://github.com/Alamofire/Alamofire.git";
			requirement = {
				kind = upToNextMajorVersion;
				minimumVersion = 5.4.0;
			};
		};
		FF5628B4258A341900E3D0E1 /* XCRemoteSwiftPackageReference "Kingfisher" */ = {
			isa = XCRemoteSwiftPackageReference;
			repositoryURL = "https://github.com/onevcat/Kingfisher.git";
			requirement = {
				kind = upToNextMajorVersion;
				minimumVersion = 5.15.8;
			};
		};
/* End XCRemoteSwiftPackageReference section */

/* Begin XCSwiftPackageProductDependency section */
		FF5628AE258A2B1F00E3D0E1 /* Alamofire */ = {
			isa = XCSwiftPackageProductDependency;
			package = FF5628AD258A2B1F00E3D0E1 /* XCRemoteSwiftPackageReference "Alamofire" */;
			productName = Alamofire;
		};
		FF5628B5258A341900E3D0E1 /* Kingfisher */ = {
			isa = XCSwiftPackageProductDependency;
			package = FF5628B4258A341900E3D0E1 /* XCRemoteSwiftPackageReference "Kingfisher" */;
			productName = Kingfisher;
		};
/* End XCSwiftPackageProductDependency section */
	};
	rootObject = FFAFC32F2579D2A20068D435 /* Project object */;
}
